<Project ToolsVersion="4.0" xmlns="http://schemas.microsoft.com/developer/msbuild/2003">
  <ItemGroup>
    <Filter Include="Source Files">
      <UniqueIdentifier>{4FC737F1-C7A5-4376-A066-2A32D752A2FF}</UniqueIdentifier>
      <Extensions>cpp;c;cc;cxx;def;odl;idl;hpj;bat;asm;asmx</Extensions>
    </Filter>
    <Filter Include="Header Files">
      <UniqueIdentifier>{93995380-89BD-4b04-88EB-625FBE52EBFB}</UniqueIdentifier>
      <Extensions>h;hpp;hxx;hm;inl;inc;xsd</Extensions>
    </Filter>
    <Filter Include="Resource Files">
      <UniqueIdentifier>{67DA6AB6-F800-4c08-8B7A-83BB121AAD01}</UniqueIdentifier>
      <Extensions>rc;ico;cur;bmp;dlg;rc2;rct;bin;rgs;gif;jpg;jpeg;jpe;resx;tiff;tif;png;wav</Extensions>
    </Filter>
    <Filter Include="Blocks">
      <UniqueIdentifier>{E6B392B4-F773-41C0-8570-58E4545D5080}</UniqueIdentifier>
    </Filter>
    <Filter Include="Blocks\Cinder-HTTP(S)">
      <UniqueIdentifier>{D27BBD76-85D2-4E4A-B563-8916C96D0E57}</UniqueIdentifier>
    </Filter>
    <Filter Include="Blocks\Cinder-HTTP(S)\src">
      <UniqueIdentifier>{E06D3853-E994-4C69-8E1E-C2C805124CF4}</UniqueIdentifier>
    </Filter>
    <Filter Include="Blocks\Cinder-HTTP(S)\src\cinder">
      <UniqueIdentifier>{1FBAB809-B085-4C3D-8BF8-59DB7A17129E}</UniqueIdentifier>
    </Filter>
    <Filter Include="Blocks\Cinder-HTTP(S)\src\cinder\http">
      <UniqueIdentifier>{E788C172-F8E6-46FA-B86A-56695BAE2BCF}</UniqueIdentifier>
    </Filter>
    <Filter Include="Blocks\ImGui">
      <UniqueIdentifier>{CC605240-125A-4C09-97E3-68086D3D12A5}</UniqueIdentifier>
    </Filter>
    <Filter Include="Blocks\ImGui\include">
      <UniqueIdentifier>{FF1B2556-7195-4B34-8585-CB6DDD4FA854}</UniqueIdentifier>
    </Filter>
    <Filter Include="Blocks\ImGui\lib">
      <UniqueIdentifier>{EB4A1DB3-7A58-419B-AD5D-2C3B73E4348F}</UniqueIdentifier>
    </Filter>
    <Filter Include="Blocks\ImGui\lib\imgui">
      <UniqueIdentifier>{AA84AB38-44AD-43EE-8AA1-A169F614E01E}</UniqueIdentifier>
    </Filter>
    <Filter Include="Blocks\ImGui\src">
      <UniqueIdentifier>{EC95176F-6E83-4151-8EBD-739998CED180}</UniqueIdentifier>
    </Filter>
    <Filter Include="Blocks\Midi2">
      <UniqueIdentifier>{EDDDD46E-45FB-433F-BF3A-AB94C69EB05F}</UniqueIdentifier>
    </Filter>
    <Filter Include="Blocks\Midi2\include">
      <UniqueIdentifier>{1563A139-AF86-498C-9C76-3D3A98C5021A}</UniqueIdentifier>
    </Filter>
    <Filter Include="Blocks\Midi2\lib">
      <UniqueIdentifier>{0950492E-8FF0-4E9D-8044-1D3BA1F8454F}</UniqueIdentifier>
    </Filter>
    <Filter Include="Blocks\Midi2\src">
      <UniqueIdentifier>{B065CE6D-B835-4BF2-8257-70D6270473E8}</UniqueIdentifier>
    </Filter>
    <Filter Include="Blocks\Spout">
      <UniqueIdentifier>{888D9FA6-7556-4571-B604-9B967E254A37}</UniqueIdentifier>
    </Filter>
    <Filter Include="Blocks\Spout\include">
      <UniqueIdentifier>{92EB8E1D-EC89-425F-AD6B-F6BFC95F3D0F}</UniqueIdentifier>
    </Filter>
    <Filter Include="Blocks\Cinder-VDR">
      <UniqueIdentifier>{1AF33BA8-0F2D-4160-9B34-54372B106130}</UniqueIdentifier>
    </Filter>
    <Filter Include="Blocks\Cinder-VDR\include">
      <UniqueIdentifier>{71140D1D-82D6-424E-8859-D87130F9BD86}</UniqueIdentifier>
    </Filter>
    <Filter Include="Blocks\Cinder-VDR\src">
      <UniqueIdentifier>{481C23D8-6CA3-4943-B5B1-4BAA07993ECA}</UniqueIdentifier>
    </Filter>
    <Filter Include="Blocks\Cinder-VDUI">
      <UniqueIdentifier>{0268B0A6-9A9D-4AE5-9C83-818F3F971543}</UniqueIdentifier>
    </Filter>
    <Filter Include="Blocks\Cinder-VDUI\include">
      <UniqueIdentifier>{E6A4D859-B371-4611-B8C3-6C0EC73D0B1F}</UniqueIdentifier>
    </Filter>
    <Filter Include="Blocks\Cinder-VDUI\src">
      <UniqueIdentifier>{E82191A7-60EC-4C7B-B6B3-A41B893E099C}</UniqueIdentifier>
    </Filter>
    <Filter Include="Blocks\Cinder-Warping">
      <UniqueIdentifier>{6A4CCC07-B60E-444D-95DE-BA302358BF37}</UniqueIdentifier>
    </Filter>
    <Filter Include="Blocks\Cinder-Warping\include">
      <UniqueIdentifier>{CC470440-3CC9-4F8D-B0C5-86C99FC861C8}</UniqueIdentifier>
    </Filter>
    <Filter Include="Blocks\Cinder-Warping\src">
      <UniqueIdentifier>{62588CEA-80FC-4889-ABBD-42D20685D7C0}</UniqueIdentifier>
    </Filter>
    <Filter Include="Blocks\Cinder-WebSocketPP">
      <UniqueIdentifier>{F5E63EE8-C0C6-4685-8062-2D64A262D422}</UniqueIdentifier>
    </Filter>
    <Filter Include="Blocks\Cinder-WebSocketPP\src">
      <UniqueIdentifier>{96D18143-7E6F-443E-AA55-8873A617AC86}</UniqueIdentifier>
    </Filter>
    <Filter Include="Blocks\WMFVideo">
      <UniqueIdentifier>{C037DF4A-596A-41C3-9859-8078C3707203}</UniqueIdentifier>
    </Filter>
    <Filter Include="Blocks\WMFVideo\src">
      <UniqueIdentifier>{7B7E2B2A-788D-44B2-A27A-B2CFA04AE118}</UniqueIdentifier>
    </Filter>
    <Filter Include="Blocks\WMFVideo\src\presenter">
      <UniqueIdentifier>{6B051B02-B468-4B32-9861-7505F0FFF2CA}</UniqueIdentifier>
    </Filter>
    <Filter Include="Blocks\WMFVideo\src\presenter\common">
      <UniqueIdentifier>{66B1E433-3C94-495B-9BDD-CF71E974F2D7}</UniqueIdentifier>
    </Filter>
    <Filter Include="Blocks\OSC">
      <UniqueIdentifier>{393B0FBB-F787-4264-8C97-51848A5374D5}</UniqueIdentifier>
    </Filter>
    <Filter Include="Blocks\OSC\src">
      <UniqueIdentifier>{2907458B-85FA-4A74-96E2-2D61D8E77683}</UniqueIdentifier>
    </Filter>
    <Filter Include="Blocks\OSC\src\cinder">
      <UniqueIdentifier>{ED0BBB3A-7FB3-493D-A5F1-2B68613329F0}</UniqueIdentifier>
    </Filter>
    <Filter Include="Blocks\OSC\src\cinder\osc">
      <UniqueIdentifier>{0C34FF68-25DE-4889-AA56-76DCC8D14C25}</UniqueIdentifier>
    </Filter>
    <Filter Include="assets">
      <UniqueIdentifier>{f8d18321-092a-4b11-bdfa-bc7fd0a1aae5}</UniqueIdentifier>
    </Filter>
    <Filter Include="debug">
      <UniqueIdentifier>{340ab71c-483e-44de-85a2-281163723bc9}</UniqueIdentifier>
    </Filter>
  </ItemGroup>
  <ItemGroup>
    <ClCompile Include="..\src\BatchassApp.cpp">
      <Filter>Source Files</Filter>
    </ClCompile>
    <ClInclude Include="..\include\Resources.h">
      <Filter>Header Files</Filter>
    </ClInclude>
    <ClCompile Include="..\src\BatchassApp.cpp">
      <Filter>Source Files</Filter>
    </ClCompile>
    <ClInclude Include="..\..\..\Cinder\blocks\Cinder-HTTP\src\cinder\http\connector.hpp">
      <Filter>Blocks\Cinder-HTTP(S)\src\cinder\http</Filter>
    </ClInclude>
    <ClInclude Include="..\..\..\Cinder\blocks\Cinder-HTTP\src\cinder\http\error_codes.hpp">
      <Filter>Blocks\Cinder-HTTP(S)\src\cinder\http</Filter>
    </ClInclude>
    <ClInclude Include="..\..\..\Cinder\blocks\Cinder-HTTP\src\cinder\http\handshaker.hpp">
      <Filter>Blocks\Cinder-HTTP(S)\src\cinder\http</Filter>
    </ClInclude>
    <ClInclude Include="..\..\..\Cinder\blocks\Cinder-HTTP\src\cinder\http\headers.hpp">
      <Filter>Blocks\Cinder-HTTP(S)\src\cinder\http</Filter>
    </ClInclude>
    <ClInclude Include="..\..\..\Cinder\blocks\Cinder-HTTP\src\cinder\http\http.hpp">
      <Filter>Blocks\Cinder-HTTP(S)\src\cinder\http</Filter>
    </ClInclude>
    <ClInclude Include="..\..\..\Cinder\blocks\Cinder-HTTP\src\cinder\http\parsers.hpp">
      <Filter>Blocks\Cinder-HTTP(S)\src\cinder\http</Filter>
    </ClInclude>
    <ClInclude Include="..\..\..\Cinder\blocks\Cinder-HTTP\src\cinder\http\request_response.hpp">
      <Filter>Blocks\Cinder-HTTP(S)\src\cinder\http</Filter>
    </ClInclude>
    <ClInclude Include="..\..\..\Cinder\blocks\Cinder-HTTP\src\cinder\http\requester.hpp">
      <Filter>Blocks\Cinder-HTTP(S)\src\cinder\http</Filter>
    </ClInclude>
    <ClInclude Include="..\..\..\Cinder\blocks\Cinder-HTTP\src\cinder\http\responder.hpp">
      <Filter>Blocks\Cinder-HTTP(S)\src\cinder\http</Filter>
    </ClInclude>
    <ClInclude Include="..\..\..\Cinder\blocks\Cinder-HTTP\src\cinder\http\url.hpp">
      <Filter>Blocks\Cinder-HTTP(S)\src\cinder\http</Filter>
    </ClInclude>
    <ClInclude Include="..\..\..\Cinder\blocks\Cinder-ImGui\include\CinderImGui.h">
      <Filter>Blocks\ImGui\include</Filter>
    </ClInclude>
    <ClInclude Include="..\..\..\Cinder\blocks\Cinder-ImGui\include\imgui_user.h">
      <Filter>Blocks\ImGui\include</Filter>
    </ClInclude>
    <ClInclude Include="..\..\..\Cinder\blocks\Cinder-ImGui\include\imgui_user.inl">
      <Filter>Blocks\ImGui\include</Filter>
    </ClInclude>
    <ClInclude Include="..\..\..\Cinder\blocks\Cinder-ImGui\lib\imgui\imconfig.h">
      <Filter>Blocks\ImGui\lib\imgui</Filter>
    </ClInclude>
    <ClInclude Include="..\..\..\Cinder\blocks\Cinder-ImGui\lib\imgui\imgui.h">
      <Filter>Blocks\ImGui\lib\imgui</Filter>
    </ClInclude>
    <ClInclude Include="..\..\..\Cinder\blocks\Cinder-ImGui\lib\imgui\imgui_internal.h">
      <Filter>Blocks\ImGui\lib\imgui</Filter>
    </ClInclude>
    <ClCompile Include="..\..\..\Cinder\blocks\Cinder-ImGui\src\CinderImGui.cpp">
      <Filter>Blocks\ImGui\src</Filter>
    </ClCompile>
    <ClCompile Include="..\..\..\Cinder\blocks\Cinder-ImGui\lib\imgui\imgui.cpp">
      <Filter>Blocks\ImGui\lib\imgui</Filter>
    </ClCompile>
    <ClCompile Include="..\..\..\Cinder\blocks\Cinder-ImGui\lib\imgui\imgui_draw.cpp">
      <Filter>Blocks\ImGui\lib\imgui</Filter>
    </ClCompile>
    <ClCompile Include="..\..\..\Cinder\blocks\Cinder-ImGui\lib\imgui\imgui_demo.cpp">
      <Filter>Blocks\ImGui\lib\imgui</Filter>
    </ClCompile>
    <ClInclude Include="..\..\..\Cinder\blocks\Cinder-MIDI2\include\MidiConstants.h">
      <Filter>Blocks\Midi2\include</Filter>
    </ClInclude>
    <ClInclude Include="..\..\..\Cinder\blocks\Cinder-MIDI2\include\MidiExceptions.h">
      <Filter>Blocks\Midi2\include</Filter>
    </ClInclude>
    <ClInclude Include="..\..\..\Cinder\blocks\Cinder-MIDI2\include\MidiHeaders.h">
      <Filter>Blocks\Midi2\include</Filter>
    </ClInclude>
    <ClInclude Include="..\..\..\Cinder\blocks\Cinder-MIDI2\include\MidiHub.h">
      <Filter>Blocks\Midi2\include</Filter>
    </ClInclude>
    <ClInclude Include="..\..\..\Cinder\blocks\Cinder-MIDI2\include\MidiIn.h">
      <Filter>Blocks\Midi2\include</Filter>
    </ClInclude>
    <ClInclude Include="..\..\..\Cinder\blocks\Cinder-MIDI2\include\MidiMessage.h">
      <Filter>Blocks\Midi2\include</Filter>
    </ClInclude>
    <ClInclude Include="..\..\..\Cinder\blocks\Cinder-MIDI2\include\MidiOut.h">
      <Filter>Blocks\Midi2\include</Filter>
    </ClInclude>
    <ClInclude Include="..\..\..\Cinder\blocks\Cinder-MIDI2\lib\RtMidi.h">
      <Filter>Blocks\Midi2\lib</Filter>
    </ClInclude>
    <ClCompile Include="..\..\..\Cinder\blocks\Cinder-MIDI2\src\MidiHub.cpp">
      <Filter>Blocks\Midi2\src</Filter>
    </ClCompile>
    <ClCompile Include="..\..\..\Cinder\blocks\Cinder-MIDI2\src\MidiIn.cpp">
      <Filter>Blocks\Midi2\src</Filter>
    </ClCompile>
    <ClCompile Include="..\..\..\Cinder\blocks\Cinder-MIDI2\src\MidiMessage.cpp">
      <Filter>Blocks\Midi2\src</Filter>
    </ClCompile>
    <ClCompile Include="..\..\..\Cinder\blocks\Cinder-MIDI2\src\MidiOut.cpp">
      <Filter>Blocks\Midi2\src</Filter>
    </ClCompile>
    <ClCompile Include="..\..\..\Cinder\blocks\Cinder-MIDI2\lib\RtMidi.cpp">
      <Filter>Blocks\Midi2\lib</Filter>
    </ClCompile>
    <ClInclude Include="..\blocks\Spout\include\CiSpoutIn.h">
      <Filter>Blocks\Spout\include</Filter>
    </ClInclude>
    <ClInclude Include="..\blocks\Spout\include\CiSpoutOut.h">
      <Filter>Blocks\Spout\include</Filter>
    </ClInclude>
    <ClInclude Include="..\blocks\Spout\include\Spout.h">
      <Filter>Blocks\Spout\include</Filter>
    </ClInclude>
    <ClInclude Include="..\blocks\Spout\include\SpoutCommon.h">
      <Filter>Blocks\Spout\include</Filter>
    </ClInclude>
    <ClInclude Include="..\blocks\Spout\include\SpoutCopy.h">
      <Filter>Blocks\Spout\include</Filter>
    </ClInclude>
    <ClInclude Include="..\blocks\Spout\include\SpoutDirectX.h">
      <Filter>Blocks\Spout\include</Filter>
    </ClInclude>
    <ClInclude Include="..\blocks\Spout\include\SpoutGLDXinterop.h">
      <Filter>Blocks\Spout\include</Filter>
    </ClInclude>
    <ClInclude Include="..\blocks\Spout\include\SpoutGLextensions.h">
      <Filter>Blocks\Spout\include</Filter>
    </ClInclude>
    <ClInclude Include="..\blocks\Spout\include\SpoutMemoryShare.h">
      <Filter>Blocks\Spout\include</Filter>
    </ClInclude>
    <ClInclude Include="..\blocks\Spout\include\SpoutReceiver.h">
      <Filter>Blocks\Spout\include</Filter>
    </ClInclude>
    <ClInclude Include="..\blocks\Spout\include\SpoutSDK.h">
      <Filter>Blocks\Spout\include</Filter>
    </ClInclude>
    <ClInclude Include="..\blocks\Spout\include\SpoutSender.h">
      <Filter>Blocks\Spout\include</Filter>
    </ClInclude>
    <ClInclude Include="..\blocks\Spout\include\SpoutSenderNames.h">
      <Filter>Blocks\Spout\include</Filter>
    </ClInclude>
    <ClInclude Include="..\blocks\Spout\include\SpoutSharedMemory.h">
      <Filter>Blocks\Spout\include</Filter>
    </ClInclude>
    <ClInclude Include="..\..\..\Cinder\blocks\Cinder-VDR\include\VDAnimation.h">
      <Filter>Blocks\Cinder-VDR\include</Filter>
    </ClInclude>
    <ClInclude Include="..\..\..\Cinder\blocks\Cinder-VDR\include\VDFboShader.h">
      <Filter>Blocks\Cinder-VDR\include</Filter>
    </ClInclude>
    <ClInclude Include="..\..\..\Cinder\blocks\Cinder-VDR\include\VDJsonManager.h">
      <Filter>Blocks\Cinder-VDR\include</Filter>
    </ClInclude>
    <ClInclude Include="..\..\..\Cinder\blocks\Cinder-VDR\include\VDKeyboard.h">
      <Filter>Blocks\Cinder-VDR\include</Filter>
    </ClInclude>
    <ClInclude Include="..\..\..\Cinder\blocks\Cinder-VDR\include\VDLog.h">
      <Filter>Blocks\Cinder-VDR\include</Filter>
    </ClInclude>
    <ClInclude Include="..\..\..\Cinder\blocks\Cinder-VDR\include\VDMediator.h">
      <Filter>Blocks\Cinder-VDR\include</Filter>
    </ClInclude>
    <ClInclude Include="..\..\..\Cinder\blocks\Cinder-VDR\include\VDMidi.h">
      <Filter>Blocks\Cinder-VDR\include</Filter>
    </ClInclude>
    <ClInclude Include="..\..\..\Cinder\blocks\Cinder-VDR\include\VDMix.h">
      <Filter>Blocks\Cinder-VDR\include</Filter>
    </ClInclude>
    <ClInclude Include="..\..\..\Cinder\blocks\Cinder-VDR\include\VDOscObserver.h">
      <Filter>Blocks\Cinder-VDR\include</Filter>
    </ClInclude>
    <ClInclude Include="..\..\..\Cinder\blocks\Cinder-VDR\include\VDOscReceiver.h">
      <Filter>Blocks\Cinder-VDR\include</Filter>
    </ClInclude>
    <ClInclude Include="..\..\..\Cinder\blocks\Cinder-VDR\include\VDParams.h">
      <Filter>Blocks\Cinder-VDR\include</Filter>
    </ClInclude>
    <ClInclude Include="..\..\..\Cinder\blocks\Cinder-VDR\include\VDSession.h">
      <Filter>Blocks\Cinder-VDR\include</Filter>
    </ClInclude>
    <ClInclude Include="..\..\..\Cinder\blocks\Cinder-VDR\include\VDSessionFacade.h">
      <Filter>Blocks\Cinder-VDR\include</Filter>
    </ClInclude>
    <ClInclude Include="..\..\..\Cinder\blocks\Cinder-VDR\include\VDSettings.h">
      <Filter>Blocks\Cinder-VDR\include</Filter>
    </ClInclude>
    <ClInclude Include="..\..\..\Cinder\blocks\Cinder-VDR\include\VDTypes.h">
      <Filter>Blocks\Cinder-VDR\include</Filter>
    </ClInclude>
    <ClInclude Include="..\..\..\Cinder\blocks\Cinder-VDR\include\VDUIObserver.h">
      <Filter>Blocks\Cinder-VDR\include</Filter>
    </ClInclude>
    <ClInclude Include="..\..\..\Cinder\blocks\Cinder-VDR\include\VDUIParams.h">
      <Filter>Blocks\Cinder-VDR\include</Filter>
    </ClInclude>
    <ClInclude Include="..\..\..\Cinder\blocks\Cinder-VDR\include\VDUniforms.h">
      <Filter>Blocks\Cinder-VDR\include</Filter>
    </ClInclude>
    <ClInclude Include="..\..\..\Cinder\blocks\Cinder-VDR\include\VDWebsocket.h">
      <Filter>Blocks\Cinder-VDR\include</Filter>
    </ClInclude>
    <ClCompile Include="..\..\..\Cinder\blocks\Cinder-VDR\src\VDAnimation.cpp">
      <Filter>Blocks\Cinder-VDR\src</Filter>
    </ClCompile>
    <ClCompile Include="..\..\..\Cinder\blocks\Cinder-VDR\src\VDFboShader.cpp">
      <Filter>Blocks\Cinder-VDR\src</Filter>
    </ClCompile>
    <ClCompile Include="..\..\..\Cinder\blocks\Cinder-VDR\src\VDJsonManager.cpp">
      <Filter>Blocks\Cinder-VDR\src</Filter>
    </ClCompile>
    <ClCompile Include="..\..\..\Cinder\blocks\Cinder-VDR\src\VDKeyboard.cpp">
      <Filter>Blocks\Cinder-VDR\src</Filter>
    </ClCompile>
    <ClCompile Include="..\..\..\Cinder\blocks\Cinder-VDR\src\VDLog.cpp">
      <Filter>Blocks\Cinder-VDR\src</Filter>
    </ClCompile>
    <ClCompile Include="..\..\..\Cinder\blocks\Cinder-VDR\src\VDMediator.cpp">
      <Filter>Blocks\Cinder-VDR\src</Filter>
    </ClCompile>
    <ClCompile Include="..\..\..\Cinder\blocks\Cinder-VDR\src\VDMidi.cpp">
      <Filter>Blocks\Cinder-VDR\src</Filter>
    </ClCompile>
    <ClCompile Include="..\..\..\Cinder\blocks\Cinder-VDR\src\VDMix.cpp">
      <Filter>Blocks\Cinder-VDR\src</Filter>
    </ClCompile>
    <ClCompile Include="..\..\..\Cinder\blocks\Cinder-VDR\src\VDOscReceiver.cpp">
      <Filter>Blocks\Cinder-VDR\src</Filter>
    </ClCompile>
    <ClCompile Include="..\..\..\Cinder\blocks\Cinder-VDR\src\VDParams.cpp">
      <Filter>Blocks\Cinder-VDR\src</Filter>
    </ClCompile>
    <ClCompile Include="..\..\..\Cinder\blocks\Cinder-VDR\src\VDSession.cpp">
      <Filter>Blocks\Cinder-VDR\src</Filter>
    </ClCompile>
    <ClCompile Include="..\..\..\Cinder\blocks\Cinder-VDR\src\VDSessionFacade.cpp">
      <Filter>Blocks\Cinder-VDR\src</Filter>
    </ClCompile>
    <ClCompile Include="..\..\..\Cinder\blocks\Cinder-VDR\src\VDSettings.cpp">
      <Filter>Blocks\Cinder-VDR\src</Filter>
    </ClCompile>
    <ClCompile Include="..\..\..\Cinder\blocks\Cinder-VDR\src\VDUniforms.cpp">
      <Filter>Blocks\Cinder-VDR\src</Filter>
    </ClCompile>
    <ClCompile Include="..\..\..\Cinder\blocks\Cinder-VDR\src\VDWebsocket.cpp">
      <Filter>Blocks\Cinder-VDR\src</Filter>
    </ClCompile>
    <ClInclude Include="..\..\..\Cinder\blocks\Cinder-VDRUI\include\VDUI.h">
      <Filter>Blocks\Cinder-VDUI\include</Filter>
    </ClInclude>
    <ClInclude Include="..\..\..\Cinder\blocks\Cinder-VDRUI\include\VDUIAnimation.h">
      <Filter>Blocks\Cinder-VDUI\include</Filter>
    </ClInclude>
    <ClInclude Include="..\..\..\Cinder\blocks\Cinder-VDRUI\include\VDUIFbos.h">
      <Filter>Blocks\Cinder-VDUI\include</Filter>
    </ClInclude>
    <ClInclude Include="..\..\..\Cinder\blocks\Cinder-VDRUI\include\VDUITextures.h">
      <Filter>Blocks\Cinder-VDUI\include</Filter>
    </ClInclude>
    <ClInclude Include="..\..\..\Cinder\blocks\Cinder-VDRUI\include\VDUIWarps.h">
      <Filter>Blocks\Cinder-VDUI\include</Filter>
    </ClInclude>
    <ClCompile Include="..\..\..\Cinder\blocks\Cinder-VDRUI\src\VDUI.cpp">
      <Filter>Blocks\Cinder-VDUI\src</Filter>
    </ClCompile>
    <ClCompile Include="..\..\..\Cinder\blocks\Cinder-VDRUI\src\VDUIAnimation.cpp">
      <Filter>Blocks\Cinder-VDUI\src</Filter>
    </ClCompile>
    <ClCompile Include="..\..\..\Cinder\blocks\Cinder-VDRUI\src\VDUIFbos.cpp">
      <Filter>Blocks\Cinder-VDUI\src</Filter>
    </ClCompile>
    <ClCompile Include="..\..\..\Cinder\blocks\Cinder-VDRUI\src\VDUITextures.cpp">
      <Filter>Blocks\Cinder-VDUI\src</Filter>
    </ClCompile>
    <ClCompile Include="..\..\..\Cinder\blocks\Cinder-VDRUI\src\VDUIWarps.cpp">
      <Filter>Blocks\Cinder-VDUI\src</Filter>
    </ClCompile>
    <ClInclude Include="..\..\..\Cinder\blocks\Cinder-Warping\include\Warp.h">
      <Filter>Blocks\Cinder-Warping\include</Filter>
    </ClInclude>
    <ClCompile Include="..\..\..\Cinder\blocks\Cinder-Warping\src\Warp.cpp">
      <Filter>Blocks\Cinder-Warping\src</Filter>
    </ClCompile>
    <ClCompile Include="..\..\..\Cinder\blocks\Cinder-Warping\src\WarpBilinear.cpp">
      <Filter>Blocks\Cinder-Warping\src</Filter>
    </ClCompile>
    <ClCompile Include="..\..\..\Cinder\blocks\Cinder-Warping\src\WarpPerspective.cpp">
      <Filter>Blocks\Cinder-Warping\src</Filter>
    </ClCompile>
    <ClCompile Include="..\..\..\Cinder\blocks\Cinder-Warping\src\WarpPerspectiveBilinear.cpp">
      <Filter>Blocks\Cinder-Warping\src</Filter>
    </ClCompile>
    <ClCompile Include="..\..\..\Cinder\blocks\Cinder-WebSocketPP\src\WebSocketClient.cpp">
      <Filter>Blocks\Cinder-WebSocketPP\src</Filter>
    </ClCompile>
    <ClCompile Include="..\..\..\Cinder\blocks\Cinder-WebSocketPP\src\WebSocketConnection.cpp">
      <Filter>Blocks\Cinder-WebSocketPP\src</Filter>
    </ClCompile>
    <ClCompile Include="..\..\..\Cinder\blocks\Cinder-WebSocketPP\src\WebSocketServer.cpp">
      <Filter>Blocks\Cinder-WebSocketPP\src</Filter>
    </ClCompile>
    <ClInclude Include="..\..\..\Cinder\blocks\Cinder-WebSocketPP\src\WebSocketClient.h">
      <Filter>Blocks\Cinder-WebSocketPP\src</Filter>
    </ClInclude>
    <ClInclude Include="..\..\..\Cinder\blocks\Cinder-WebSocketPP\src\WebSocketConnection.h">
      <Filter>Blocks\Cinder-WebSocketPP\src</Filter>
    </ClInclude>
    <ClInclude Include="..\..\..\Cinder\blocks\Cinder-WebSocketPP\src\WebSocketServer.h">
      <Filter>Blocks\Cinder-WebSocketPP\src</Filter>
    </ClInclude>
    <ClCompile Include="..\..\..\Cinder\blocks\Cinder-WMFVideo\src\ciWMFVideoPlayer.cpp">
      <Filter>Blocks\WMFVideo\src</Filter>
    </ClCompile>
    <ClCompile Include="..\..\..\Cinder\blocks\Cinder-WMFVideo\src\ciWMFVideoPlayerUtils.cpp">
      <Filter>Blocks\WMFVideo\src</Filter>
    </ClCompile>
    <ClCompile Include="..\..\..\Cinder\blocks\Cinder-WMFVideo\src\presenter\PresentEngine.cpp">
      <Filter>Blocks\WMFVideo\src\presenter</Filter>
    </ClCompile>
    <ClCompile Include="..\..\..\Cinder\blocks\Cinder-WMFVideo\src\presenter\Presenter.cpp">
      <Filter>Blocks\WMFVideo\src\presenter</Filter>
    </ClCompile>
    <ClCompile Include="..\..\..\Cinder\blocks\Cinder-WMFVideo\src\presenter\PresenterHelpers.cpp">
      <Filter>Blocks\WMFVideo\src\presenter</Filter>
    </ClCompile>
    <ClCompile Include="..\..\..\Cinder\blocks\Cinder-WMFVideo\src\presenter\scheduler.cpp">
      <Filter>Blocks\WMFVideo\src\presenter</Filter>
    </ClCompile>
    <ClInclude Include="..\..\..\Cinder\blocks\Cinder-WMFVideo\src\ciWMFVideoPlayer.h">
      <Filter>Blocks\WMFVideo\src</Filter>
    </ClInclude>
    <ClInclude Include="..\..\..\Cinder\blocks\Cinder-WMFVideo\src\ciWMFVideoPlayerUtils.h">
      <Filter>Blocks\WMFVideo\src</Filter>
    </ClInclude>
    <ClInclude Include="..\..\..\Cinder\blocks\Cinder-WMFVideo\src\presenter\EVRPresenter.h">
      <Filter>Blocks\WMFVideo\src\presenter</Filter>
    </ClInclude>
    <ClInclude Include="..\..\..\Cinder\blocks\Cinder-WMFVideo\src\presenter\EVRPresenterUuid.h">
      <Filter>Blocks\WMFVideo\src\presenter</Filter>
    </ClInclude>
    <ClInclude Include="..\..\..\Cinder\blocks\Cinder-WMFVideo\src\presenter\PresentEngine.h">
      <Filter>Blocks\WMFVideo\src\presenter</Filter>
    </ClInclude>
    <ClInclude Include="..\..\..\Cinder\blocks\Cinder-WMFVideo\src\presenter\Presenter.h">
      <Filter>Blocks\WMFVideo\src\presenter</Filter>
    </ClInclude>
    <ClInclude Include="..\..\..\Cinder\blocks\Cinder-WMFVideo\src\presenter\PresenterHelpers.h">
      <Filter>Blocks\WMFVideo\src\presenter</Filter>
    </ClInclude>
    <ClInclude Include="..\..\..\Cinder\blocks\Cinder-WMFVideo\src\presenter\scheduler.h">
      <Filter>Blocks\WMFVideo\src\presenter</Filter>
    </ClInclude>
    <ClInclude Include="..\..\..\Cinder\blocks\Cinder-WMFVideo\src\presenter\common\AsyncCB.h">
      <Filter>Blocks\WMFVideo\src\presenter\common</Filter>
    </ClInclude>
    <ClInclude Include="..\..\..\Cinder\blocks\Cinder-WMFVideo\src\presenter\common\BufferLock.h">
      <Filter>Blocks\WMFVideo\src\presenter\common</Filter>
    </ClInclude>
    <ClInclude Include="..\..\..\Cinder\blocks\Cinder-WMFVideo\src\presenter\common\ClassFactory.h">
      <Filter>Blocks\WMFVideo\src\presenter\common</Filter>
    </ClInclude>
    <ClInclude Include="..\..\..\Cinder\blocks\Cinder-WMFVideo\src\presenter\common\common.h">
      <Filter>Blocks\WMFVideo\src\presenter\common</Filter>
    </ClInclude>
    <ClInclude Include="..\..\..\Cinder\blocks\Cinder-WMFVideo\src\presenter\common\critsec.h">
      <Filter>Blocks\WMFVideo\src\presenter\common</Filter>
    </ClInclude>
    <ClInclude Include="..\..\..\Cinder\blocks\Cinder-WMFVideo\src\presenter\common\GrowArray.h">
      <Filter>Blocks\WMFVideo\src\presenter\common</Filter>
    </ClInclude>
    <ClInclude Include="..\..\..\Cinder\blocks\Cinder-WMFVideo\src\presenter\common\linklist.h">
      <Filter>Blocks\WMFVideo\src\presenter\common</Filter>
    </ClInclude>
    <ClInclude Include="..\..\..\Cinder\blocks\Cinder-WMFVideo\src\presenter\common\logging.h">
      <Filter>Blocks\WMFVideo\src\presenter\common</Filter>
    </ClInclude>
    <ClInclude Include="..\..\..\Cinder\blocks\Cinder-WMFVideo\src\presenter\common\logmediatype.h">
      <Filter>Blocks\WMFVideo\src\presenter\common</Filter>
    </ClInclude>
    <ClInclude Include="..\..\..\Cinder\blocks\Cinder-WMFVideo\src\presenter\common\mediatype.h">
      <Filter>Blocks\WMFVideo\src\presenter\common</Filter>
    </ClInclude>
    <ClInclude Include="..\..\..\Cinder\blocks\Cinder-WMFVideo\src\presenter\common\mfutils.h">
      <Filter>Blocks\WMFVideo\src\presenter\common</Filter>
    </ClInclude>
    <ClInclude Include="..\..\..\Cinder\blocks\Cinder-WMFVideo\src\presenter\common\PropVar.h">
      <Filter>Blocks\WMFVideo\src\presenter\common</Filter>
    </ClInclude>
    <ClInclude Include="..\..\..\Cinder\blocks\Cinder-WMFVideo\src\presenter\common\registry.h">
      <Filter>Blocks\WMFVideo\src\presenter\common</Filter>
    </ClInclude>
    <ClInclude Include="..\..\..\Cinder\blocks\Cinder-WMFVideo\src\presenter\common\TinyMap.h">
      <Filter>Blocks\WMFVideo\src\presenter\common</Filter>
    </ClInclude>
    <ClInclude Include="..\..\..\Cinder\blocks\Cinder-WMFVideo\src\presenter\common\trace.h">
      <Filter>Blocks\WMFVideo\src\presenter\common</Filter>
    </ClInclude>
    <ClCompile Include="..\..\..\Cinder\blocks\OSC\src\cinder\osc\Osc.cpp">
      <Filter>Blocks\OSC\src\cinder\osc</Filter>
    </ClCompile>
    <ClInclude Include="..\..\..\Cinder\blocks\OSC\src\cinder\osc\Osc.h">
      <Filter>Blocks\OSC\src\cinder\osc</Filter>
    </ClInclude>
  </ItemGroup>
  <ItemGroup>
    <ClInclude Include="..\include\Resources.h">
      <Filter>Header Files</Filter>
    </ClInclude>
  </ItemGroup>
  <ItemGroup>
    <ResourceCompile Include="Resources.rc">
      <Filter>Resource Files</Filter>
    </ResourceCompile>
  </ItemGroup>
  <ItemGroup>
    <None Include="..\assets\audio.json">
      <Filter>assets</Filter>
    </None>
    <None Include="..\assets\midi.json">
      <Filter>assets</Filter>
    </None>
    <None Include="..\assets\mix.json">
      <Filter>assets</Filter>
    </None>
    <None Include="..\assets\wsclient.json">
      <Filter>assets</Filter>
    </None>
    <None Include="..\assets\oscreceiver.json">
      <Filter>assets</Filter>
    </None>
    <None Include="..\assets\video_texture.fs.glsl">
      <Filter>assets</Filter>
    </None>
    <None Include="..\assets\video_texture.vs.glsl">
      <Filter>assets</Filter>
    </None>
    <None Include="..\assets\fx.glsl">
      <Filter>assets</Filter>
    </None>
    <None Include="..\assets\post.glsl">
      <Filter>assets</Filter>
    </None>
    <None Include="..\assets\mixette.glsl">
      <Filter>assets</Filter>
    </None>
    <None Include="..\assets\shadertoy.vd">
      <Filter>assets</Filter>
    </None>
  </ItemGroup>
  <ItemGroup>
    <Xml Include="x64\Debug\VDBatchass.xml">
      <Filter>debug</Filter>
    </Xml>
  </ItemGroup>
</Project>